
Microsoft Visual Studio Solution File, Format Version 12.00
# Visual Studio Version 17
VisualStudioVersion = 17.5.33414.496
MinimumVisualStudioVersion = 10.0.40219.1
Project("{9092AA53-FB77-4645-B42D-1CCCA6BD08BD}") = "Js", "Js.njsproj", "{4A0EA91F-2B10-4618-B224-7B7EA13FBA2E}"
EndProject
Global
	GlobalSection(SolutionConfigurationPlatforms) = preSolution
		Debug|Any CPU = Debug|Any CPU
		Release|Any CPU = Release|Any CPU
	EndGlobalSection
	GlobalSection(ProjectConfigurationPlatforms) = postSolution
		{4A0EA91F-2B10-4618-B224-7B7EA13FBA2E}.Debug|Any CPU.ActiveCfg = Debug|Any CPU
		{4A0EA91F-2B10-4618-B224-7B7EA13FBA2E}.Debug|Any CPU.Build.0 = Debug|Any CPU
		{4A0EA91F-2B10-4618-B224-7B7EA13FBA2E}.Release|Any CPU.ActiveCfg = Release|Any CPU
		{4A0EA91F-2B10-4618-B224-7B7EA13FBA2E}.Release|Any CPU.Build.0 = Release|Any CPU
	EndGlobalSection
	GlobalSection(SolutionProperties) = preSolution
		HideSolutionNode = FALSE
	EndGlobalSection
	GlobalSection(ExtensibilityGlobals) = postSolution
		SolutionGuid = {DBD4C8F5-54B4-4592-BA4C-1F57FA8FB3A7}
	EndGlobalSection
EndGlobal
