{
  "name": "style-command-line-output-with-chalk-library-in-node-js",
  "version": "1.0.0",
  "lockfileVersion": 3,
  "requires": true,
  "packages": {
    "": {
      "name": "style-command-line-output-with-chalk-library-in-node-js",
      "version": "1.0.0",
      "license": "ISC",
      "dependencies": {
        "chalk": "^5.3.0",
        "keyword": "^0.1.1"
      }
    },
    "node_modules/chalk": {
      "version": "5.3.0",
      "resolved": "https://registry.npmjs.org/chalk/-/chalk-5.3.0.tgz",
      "integrity": "sha512-dLitG79d+GV1Nb/VYcCDFivJeK1hiukt9QjRNVOsUtTy1rR1YJsmpGGTZ3qJos+uw7WmWF4wUwBd9jxjocFC2w==",
      "engines": {
        "node": "^12.17.0 || ^14.13 || >=16.0.0"
      },
      "funding": {
        "url": "https://github.com/chalk/chalk?sponsor=1"
      }
    },
    "node_modules/keyword": {
      "version": "0.1.1",
      "resolved": "https://registry.npmjs.org/keyword/-/keyword-0.1.1.tgz",
      "integrity": "sha512-1Kw81rckyaRtjCxG4aHNwmCaFKgwBaJSFpLF8jdy2LyvJ36Q2/ae0Cn+HN/zb3F/hg/NMna2AVQxmfyxCCjxlQ==",
      "dependencies": {
        "selenium-node-webdriver": "*",
        "underscore": "1.4.x"
      },
      "engines": {
        "node": ">= 0.6.0"
      }
    },
    "node_modules/lodash": {
      "version": "1.0.0-rc.3",
      "resolved": "https://registry.npmjs.org/lodash/-/lodash-1.0.0-rc.3.tgz",
      "integrity": "sha512-NJD0CmjjmQfqJgny4TwIqwJjuhD7QgTbMvhjG/tbEP5xzxUVyhBe7VR5J2AxX2ZDjIHBy1xFBcjcPMflaJiApA==",
      "engines": [
        "node",
        "rhino"
      ]
    },
    "node_modules/q": {
      "version": "0.8.12",
      "resolved": "https://registry.npmjs.org/q/-/q-0.8.12.tgz",
      "integrity": "sha512-mvLmeFP7lwVSFzDhpVhkI9Jw3u9goGQ2IY9nbSNMA4OZyviFjs2XILKMesUz8nBz4deKS9eWibvEuBNlRxZHBg==",
      "engines": {
        "node": ">=0.6.0",
        "teleport": ">=0.2.0"
      }
    },
    "node_modules/selenium-node-webdriver": {
      "version": "0.1.2",
      "resolved": "https://registry.npmjs.org/selenium-node-webdriver/-/selenium-node-webdriver-0.1.2.tgz",
      "integrity": "sha512-r50wjUM4k/oCu5VdlgU5qXPmBVeOB3f+PQPpFMaT9DVzMWOjpirK5sGXG7Dm1fX5FfP6nW0UfRNuKPlt/8W2vQ==",
      "dependencies": {
        "lodash": "1.0.0-rc.3",
        "q": "0.8.x"
      },
      "engines": {
        "node": ">=0.8"
      }
    },
    "node_modules/underscore": {
      "version": "1.4.4",
      "resolved": "https://registry.npmjs.org/underscore/-/underscore-1.4.4.tgz",
      "integrity": "sha512-ZqGrAgaqqZM7LGRzNjLnw5elevWb5M8LEoDMadxIW3OWbcv72wMMgKdwOKpd5Fqxe8choLD8HN3iSj3TUh/giQ=="
    }
  }
}
