
Microsoft Visual Studio Solution File, Format Version 12.00
# Visual Studio Version 17
VisualStudioVersion = 17.5.33414.496
MinimumVisualStudioVersion = 10.0.40219.1
Project("{9092AA53-FB77-4645-B42D-1CCCA6BD08BD}") = "TS", "TS.njsproj", "{6136FE18-02A9-4185-90F9-C3DE95CA8267}"
EndProject
Global
	GlobalSection(SolutionConfigurationPlatforms) = preSolution
		Debug|Any CPU = Debug|Any CPU
		Release|Any CPU = Release|Any CPU
	EndGlobalSection
	GlobalSection(ProjectConfigurationPlatforms) = postSolution
		{6136FE18-02A9-4185-90F9-C3DE95CA8267}.Debug|Any CPU.ActiveCfg = Debug|Any CPU
		{6136FE18-02A9-4185-90F9-C3DE95CA8267}.Debug|Any CPU.Build.0 = Debug|Any CPU
		{6136FE18-02A9-4185-90F9-C3DE95CA8267}.Release|Any CPU.ActiveCfg = Release|Any CPU
		{6136FE18-02A9-4185-90F9-C3DE95CA8267}.Release|Any CPU.Build.0 = Release|Any CPU
	EndGlobalSection
	GlobalSection(SolutionProperties) = preSolution
		HideSolutionNode = FALSE
	EndGlobalSection
	GlobalSection(ExtensibilityGlobals) = postSolution
		SolutionGuid = {A6722011-6B2F-432C-81E2-DBAD4D2F0DA2}
	EndGlobalSection
EndGlobal
