
Microsoft Visual Studio Solution File, Format Version 12.00
# Visual Studio Version 17
VisualStudioVersion = 17.1.32210.238
MinimumVisualStudioVersion = 10.0.40219.1
Project("{FAE04EC0-301F-11D3-BF4B-00C04F79EFBC}") = "LeetCode", "LeetCode.csproj", "{EB81D261-E95B-40F0-B925-E3AB32645ECB}"
EndProject
Global
	GlobalSection(SolutionConfigurationPlatforms) = preSolution
		Debug|Any CPU = Debug|Any CPU
		Release|Any CPU = Release|Any CPU
	EndGlobalSection
	GlobalSection(ProjectConfigurationPlatforms) = postSolution
		{EB81D261-E95B-40F0-B925-E3AB32645ECB}.Debug|Any CPU.ActiveCfg = Debug|Any CPU
		{EB81D261-E95B-40F0-B925-E3AB32645ECB}.Debug|Any CPU.Build.0 = Debug|Any CPU
		{EB81D261-E95B-40F0-B925-E3AB32645ECB}.Release|Any CPU.ActiveCfg = Release|Any CPU
		{EB81D261-E95B-40F0-B925-E3AB32645ECB}.Release|Any CPU.Build.0 = Release|Any CPU
	EndGlobalSection
	GlobalSection(SolutionProperties) = preSolution
		HideSolutionNode = FALSE
	EndGlobalSection
	GlobalSection(ExtensibilityGlobals) = postSolution
		SolutionGuid = {AE605FDB-8F8F-4EB5-AA08-8FB830F42D1C}
	EndGlobalSection
EndGlobal
