{
  "name": "getting-started-with-postman",
  "version": "1.0.0",
  "lockfileVersion": 2,
  "requires": true,
  "packages": {
    "": {
      "name": "getting-started-with-postman",
      "version": "1.0.0",
      "license": "ISC",
      "dependencies": {
        "systeminformation": "^5.21.7",
        "ws": "^8.12.0"
      }
    },
    "node_modules/systeminformation": {
      "version": "5.21.7",
      "resolved": "https://registry.npmjs.org/systeminformation/-/systeminformation-5.21.7.tgz",
      "integrity": "sha512-K3LjnajrazTLTD61+87DFg8IXFk5ljx6nSBqB8pQLtC1UPivAjDtTYGPZ8jaBFxcesPaCOkvLRtBq+RFscrsLw==",
      "os": [
        "darwin",
        "linux",
        "win32",
        "freebsd",
        "openbsd",
        "netbsd",
        "sunos",
        "android"
      ],
      "bin": {
        "systeminformation": "lib/cli.js"
      },
      "engines": {
        "node": ">=8.0.0"
      },
      "funding": {
        "type": "Buy me a coffee",
        "url": "https://www.buymeacoffee.com/systeminfo"
      }
    },
    "node_modules/ws": {
      "version": "8.13.0",
      "resolved": "https://registry.npmjs.org/ws/-/ws-8.13.0.tgz",
      "integrity": "sha512-x9vcZYTrFPC7aSIbj7sRCYo7L/Xb8Iy+pW0ng0wt2vCJv7M9HOMy0UoN3rr+IFC7hb7vXoqS+P9ktyLLLhO+LA==",
      "engines": {
        "node": ">=10.0.0"
      },
      "peerDependencies": {
        "bufferutil": "^4.0.1",
        "utf-8-validate": ">=5.0.2"
      },
      "peerDependenciesMeta": {
        "bufferutil": {
          "optional": true
        },
        "utf-8-validate": {
          "optional": true
        }
      }
    }
  },
  "dependencies": {
    "systeminformation": {
      "version": "5.21.7",
      "resolved": "https://registry.npmjs.org/systeminformation/-/systeminformation-5.21.7.tgz",
      "integrity": "sha512-K3LjnajrazTLTD61+87DFg8IXFk5ljx6nSBqB8pQLtC1UPivAjDtTYGPZ8jaBFxcesPaCOkvLRtBq+RFscrsLw=="
    },
    "ws": {
      "version": "8.13.0",
      "resolved": "https://registry.npmjs.org/ws/-/ws-8.13.0.tgz",
      "integrity": "sha512-x9vcZYTrFPC7aSIbj7sRCYo7L/Xb8Iy+pW0ng0wt2vCJv7M9HOMy0UoN3rr+IFC7hb7vXoqS+P9ktyLLLhO+LA==",
      "requires": {}
    }
  }
}
