{
  "name": "getting-started-with-postman",
  "version": "1.0.0",
  "lockfileVersion": 2,
  "requires": true,
  "packages": {
    "": {
      "name": "getting-started-with-postman",
      "version": "1.0.0",
      "license": "ISC",
      "dependencies": {
        "systeminformation": "^5.17.8",
        "ws": "^8.12.0"
      }
    },
    "node_modules/systeminformation": {
      "version": "5.17.8",
      "resolved": "https://registry.npmjs.org/systeminformation/-/systeminformation-5.17.8.tgz",
      "integrity": "sha512-kMQsCOFQXqEjoDWKpYkC+ezJImrOnyTL3FZnYDZdWLTZcMW7Gomdp8zH9ztGlSo2L1iCAQXZ8HlV1bI8/Ts64g==",
      "os": [
        "darwin",
        "linux",
        "win32",
        "freebsd",
        "openbsd",
        "netbsd",
        "sunos",
        "android"
      ],
      "bin": {
        "systeminformation": "lib/cli.js"
      },
      "engines": {
        "node": ">=8.0.0"
      },
      "funding": {
        "type": "Buy me a coffee",
        "url": "https://www.buymeacoffee.com/systeminfo"
      }
    },
    "node_modules/ws": {
      "version": "8.12.0",
      "resolved": "https://registry.npmjs.org/ws/-/ws-8.12.0.tgz",
      "integrity": "sha512-kU62emKIdKVeEIOIKVegvqpXMSTAMLJozpHZaJNDYqBjzlSYXQGviYwN1osDLJ9av68qHd4a2oSjd7yD4pacig==",
      "engines": {
        "node": ">=10.0.0"
      },
      "peerDependencies": {
        "bufferutil": "^4.0.1",
        "utf-8-validate": ">=5.0.2"
      },
      "peerDependenciesMeta": {
        "bufferutil": {
          "optional": true
        },
        "utf-8-validate": {
          "optional": true
        }
      }
    }
  },
  "dependencies": {
    "systeminformation": {
      "version": "5.17.8",
      "resolved": "https://registry.npmjs.org/systeminformation/-/systeminformation-5.17.8.tgz",
      "integrity": "sha512-kMQsCOFQXqEjoDWKpYkC+ezJImrOnyTL3FZnYDZdWLTZcMW7Gomdp8zH9ztGlSo2L1iCAQXZ8HlV1bI8/Ts64g=="
    },
    "ws": {
      "version": "8.12.0",
      "resolved": "https://registry.npmjs.org/ws/-/ws-8.12.0.tgz",
      "integrity": "sha512-kU62emKIdKVeEIOIKVegvqpXMSTAMLJozpHZaJNDYqBjzlSYXQGviYwN1osDLJ9av68qHd4a2oSjd7yD4pacig==",
      "requires": {}
    }
  }
}
