
Microsoft Visual Studio Solution File, Format Version 12.00
# Visual Studio Version 17
VisualStudioVersion = 17.5.33414.496
MinimumVisualStudioVersion = 10.0.40219.1
Project("{FAE04EC0-301F-11D3-BF4B-00C04F79EFBC}") = "CSharp", "CSharp.csproj", "{B74508FF-7F2D-476C-B34E-53E4D2C0D013}"
EndProject
Global
	GlobalSection(SolutionConfigurationPlatforms) = preSolution
		Debug|Any CPU = Debug|Any CPU
		Release|Any CPU = Release|Any CPU
	EndGlobalSection
	GlobalSection(ProjectConfigurationPlatforms) = postSolution
		{B74508FF-7F2D-476C-B34E-53E4D2C0D013}.Debug|Any CPU.ActiveCfg = Debug|Any CPU
		{B74508FF-7F2D-476C-B34E-53E4D2C0D013}.Debug|Any CPU.Build.0 = Debug|Any CPU
		{B74508FF-7F2D-476C-B34E-53E4D2C0D013}.Release|Any CPU.ActiveCfg = Release|Any CPU
		{B74508FF-7F2D-476C-B34E-53E4D2C0D013}.Release|Any CPU.Build.0 = Release|Any CPU
	EndGlobalSection
	GlobalSection(SolutionProperties) = preSolution
		HideSolutionNode = FALSE
	EndGlobalSection
	GlobalSection(ExtensibilityGlobals) = postSolution
		SolutionGuid = {45485D79-0658-423D-8A72-CB11B66B8109}
	EndGlobalSection
EndGlobal
