
Microsoft Visual Studio Solution File, Format Version 12.00
# Visual Studio Version 17
VisualStudioVersion = 17.1.32210.238
MinimumVisualStudioVersion = 10.0.40219.1
Project("{FAE04EC0-301F-11D3-BF4B-00C04F79EFBC}") = "LeetCode", "LeetCode\LeetCode.csproj", "{56C42DB6-99E9-4A96-8559-6DABC22A6D85}"
EndProject
Global
	GlobalSection(SolutionConfigurationPlatforms) = preSolution
		Debug|Any CPU = Debug|Any CPU
		Release|Any CPU = Release|Any CPU
	EndGlobalSection
	GlobalSection(ProjectConfigurationPlatforms) = postSolution
		{56C42DB6-99E9-4A96-8559-6DABC22A6D85}.Debug|Any CPU.ActiveCfg = Debug|Any CPU
		{56C42DB6-99E9-4A96-8559-6DABC22A6D85}.Debug|Any CPU.Build.0 = Debug|Any CPU
		{56C42DB6-99E9-4A96-8559-6DABC22A6D85}.Release|Any CPU.ActiveCfg = Release|Any CPU
		{56C42DB6-99E9-4A96-8559-6DABC22A6D85}.Release|Any CPU.Build.0 = Release|Any CPU
	EndGlobalSection
	GlobalSection(SolutionProperties) = preSolution
		HideSolutionNode = FALSE
	EndGlobalSection
	GlobalSection(ExtensibilityGlobals) = postSolution
		SolutionGuid = {E714F493-9FE5-4894-926E-63CEC180531D}
	EndGlobalSection
EndGlobal
