
Microsoft Visual Studio Solution File, Format Version 12.00
# Visual Studio Version 17
VisualStudioVersion = 17.4.33122.133
MinimumVisualStudioVersion = 10.0.40219.1
Project("{9092AA53-FB77-4645-B42D-1CCCA6BD08BD}") = "NodejsConsoleApp1", "NodejsConsoleApp1.njsproj", "{AAFCD917-C092-423C-865E-F1631249362B}"
EndProject
Global
	GlobalSection(SolutionConfigurationPlatforms) = preSolution
		Debug|Any CPU = Debug|Any CPU
		Release|Any CPU = Release|Any CPU
	EndGlobalSection
	GlobalSection(ProjectConfigurationPlatforms) = postSolution
		{AAFCD917-C092-423C-865E-F1631249362B}.Debug|Any CPU.ActiveCfg = Debug|Any CPU
		{AAFCD917-C092-423C-865E-F1631249362B}.Debug|Any CPU.Build.0 = Debug|Any CPU
		{AAFCD917-C092-423C-865E-F1631249362B}.Release|Any CPU.ActiveCfg = Release|Any CPU
		{AAFCD917-C092-423C-865E-F1631249362B}.Release|Any CPU.Build.0 = Release|Any CPU
	EndGlobalSection
	GlobalSection(SolutionProperties) = preSolution
		HideSolutionNode = FALSE
	EndGlobalSection
	GlobalSection(ExtensibilityGlobals) = postSolution
		SolutionGuid = {8A4B0FEA-9815-4CF3-BBB8-85343B952C4B}
	EndGlobalSection
EndGlobal
