
Microsoft Visual Studio Solution File, Format Version 12.00
# Visual Studio Version 17
VisualStudioVersion = 17.5.33414.496
MinimumVisualStudioVersion = 10.0.40219.1
Project("{FAE04EC0-301F-11D3-BF4B-00C04F79EFBC}") = "CSharp", "CSharp.csproj", "{67E8357C-DE36-4EB8-945A-53BABBF07ED2}"
EndProject
Global
	GlobalSection(SolutionConfigurationPlatforms) = preSolution
		Debug|Any CPU = Debug|Any CPU
		Release|Any CPU = Release|Any CPU
	EndGlobalSection
	GlobalSection(ProjectConfigurationPlatforms) = postSolution
		{67E8357C-DE36-4EB8-945A-53BABBF07ED2}.Debug|Any CPU.ActiveCfg = Debug|Any CPU
		{67E8357C-DE36-4EB8-945A-53BABBF07ED2}.Debug|Any CPU.Build.0 = Debug|Any CPU
		{67E8357C-DE36-4EB8-945A-53BABBF07ED2}.Release|Any CPU.ActiveCfg = Release|Any CPU
		{67E8357C-DE36-4EB8-945A-53BABBF07ED2}.Release|Any CPU.Build.0 = Release|Any CPU
	EndGlobalSection
	GlobalSection(SolutionProperties) = preSolution
		HideSolutionNode = FALSE
	EndGlobalSection
	GlobalSection(ExtensibilityGlobals) = postSolution
		SolutionGuid = {CA3A63C6-5F03-42B5-8F32-F2EBDF8BE574}
	EndGlobalSection
EndGlobal
