
Microsoft Visual Studio Solution File, Format Version 12.00
# Visual Studio Version 17
VisualStudioVersion = 17.1.32210.238
MinimumVisualStudioVersion = 10.0.40219.1
Project("{FAE04EC0-301F-11D3-BF4B-00C04F79EFBC}") = "LeetCode", "LeetCode\LeetCode.csproj", "{2FC59DE3-5945-4D01-B93E-4798A89D5AA5}"
EndProject
Global
	GlobalSection(SolutionConfigurationPlatforms) = preSolution
		Debug|Any CPU = Debug|Any CPU
		Release|Any CPU = Release|Any CPU
	EndGlobalSection
	GlobalSection(ProjectConfigurationPlatforms) = postSolution
		{2FC59DE3-5945-4D01-B93E-4798A89D5AA5}.Debug|Any CPU.ActiveCfg = Debug|Any CPU
		{2FC59DE3-5945-4D01-B93E-4798A89D5AA5}.Debug|Any CPU.Build.0 = Debug|Any CPU
		{2FC59DE3-5945-4D01-B93E-4798A89D5AA5}.Release|Any CPU.ActiveCfg = Release|Any CPU
		{2FC59DE3-5945-4D01-B93E-4798A89D5AA5}.Release|Any CPU.Build.0 = Release|Any CPU
	EndGlobalSection
	GlobalSection(SolutionProperties) = preSolution
		HideSolutionNode = FALSE
	EndGlobalSection
	GlobalSection(ExtensibilityGlobals) = postSolution
		SolutionGuid = {3BB92FE8-0969-497C-9CF3-FF8679A820BC}
	EndGlobalSection
EndGlobal
