
Microsoft Visual Studio Solution File, Format Version 12.00
# Visual Studio Version 17
VisualStudioVersion = 17.5.33502.453
MinimumVisualStudioVersion = 10.0.40219.1
Project("{9092AA53-FB77-4645-B42D-1CCCA6BD08BD}") = "Js", "Js.njsproj", "{0F953EE9-A718-4E61-9BA8-9D5F7FAF56D0}"
EndProject
Global
	GlobalSection(SolutionConfigurationPlatforms) = preSolution
		Debug|Any CPU = Debug|Any CPU
		Release|Any CPU = Release|Any CPU
	EndGlobalSection
	GlobalSection(ProjectConfigurationPlatforms) = postSolution
		{0F953EE9-A718-4E61-9BA8-9D5F7FAF56D0}.Debug|Any CPU.ActiveCfg = Debug|Any CPU
		{0F953EE9-A718-4E61-9BA8-9D5F7FAF56D0}.Debug|Any CPU.Build.0 = Debug|Any CPU
		{0F953EE9-A718-4E61-9BA8-9D5F7FAF56D0}.Release|Any CPU.ActiveCfg = Release|Any CPU
		{0F953EE9-A718-4E61-9BA8-9D5F7FAF56D0}.Release|Any CPU.Build.0 = Release|Any CPU
	EndGlobalSection
	GlobalSection(SolutionProperties) = preSolution
		HideSolutionNode = FALSE
	EndGlobalSection
	GlobalSection(ExtensibilityGlobals) = postSolution
		SolutionGuid = {FB66A78C-82A0-4BC7-BB39-FDBDDED2C074}
	EndGlobalSection
EndGlobal
